
Microsoft Visual Studio Solution File, Format Version 12.00
# Visual Studio Version 17
VisualStudioVersion = 17.7.34221.43
MinimumVisualStudioVersion = 10.0.40219.1
Project("{FAE04EC0-301F-11D3-BF4B-00C04F79EFBC}") = "MyDietDishes", "MyDietDishes\MyDietDishes.csproj", "{BCDAC21D-A0CA-4F02-9D8F-CD9AFC659C49}"
EndProject
Global
	GlobalSection(SolutionConfigurationPlatforms) = preSolution
		Debug|Any CPU = Debug|Any CPU
		Release|Any CPU = Release|Any CPU
	EndGlobalSection
	GlobalSection(ProjectConfigurationPlatforms) = postSolution
		{BCDAC21D-A0CA-4F02-9D8F-CD9AFC659C49}.Debug|Any CPU.ActiveCfg = Debug|Any CPU
		{BCDAC21D-A0CA-4F02-9D8F-CD9AFC659C49}.Debug|Any CPU.Build.0 = Debug|Any CPU
		{BCDAC21D-A0CA-4F02-9D8F-CD9AFC659C49}.Release|Any CPU.ActiveCfg = Release|Any CPU
		{BCDAC21D-A0CA-4F02-9D8F-CD9AFC659C49}.Release|Any CPU.Build.0 = Release|Any CPU
	EndGlobalSection
	GlobalSection(SolutionProperties) = preSolution
		HideSolutionNode = FALSE
	EndGlobalSection
	GlobalSection(ExtensibilityGlobals) = postSolution
		SolutionGuid = {1946A7D7-DF2C-459F-A53D-508F8BA0BA2A}
	EndGlobalSection
EndGlobal
